
Microsoft Visual Studio Solution File, Format Version 12.00
# Visual Studio Version 17
VisualStudioVersion = 17.14.36623.8 d17.14
MinimumVisualStudioVersion = 10.0.40219.1
Project("{FAE04EC0-301F-11D3-BF4B-00C04F79EFBC}") = "Infrastructure", "Infrastructure\Infrastructure.csproj", "{CFB9025B-47E3-44D3-A487-98D72A0E7980}"
EndProject
Project("{FAE04EC0-301F-11D3-BF4B-00C04F79EFBC}") = "Core", "Core\Core.csproj", "{5DE62280-74BB-4541-B223-EFF7B97CB7D3}"
EndProject
Project("{FAE04EC0-301F-11D3-BF4B-00C04F79EFBC}") = "Application", "Application\Application.csproj", "{040285FE-C82B-4EA6-9DA5-8D6CFE99F731}"
EndProject
Project("{FAE04EC0-301F-11D3-BF4B-00C04F79EFBC}") = "Api", "Api\Api.csproj", "{ABDD1E70-BE48-47FD-B88B-9DD05CB11907}"
EndProject
Global
	GlobalSection(SolutionConfigurationPlatforms) = preSolution
		Debug|Any CPU = Debug|Any CPU
		Release|Any CPU = Release|Any CPU
	EndGlobalSection
	GlobalSection(ProjectConfigurationPlatforms) = postSolution
		{CFB9025B-47E3-44D3-A487-98D72A0E7980}.Debug|Any CPU.ActiveCfg = Debug|Any CPU
		{CFB9025B-47E3-44D3-A487-98D72A0E7980}.Debug|Any CPU.Build.0 = Debug|Any CPU
		{CFB9025B-47E3-44D3-A487-98D72A0E7980}.Release|Any CPU.ActiveCfg = Release|Any CPU
		{CFB9025B-47E3-44D3-A487-98D72A0E7980}.Release|Any CPU.Build.0 = Release|Any CPU
		{5DE62280-74BB-4541-B223-EFF7B97CB7D3}.Debug|Any CPU.ActiveCfg = Debug|Any CPU
		{5DE62280-74BB-4541-B223-EFF7B97CB7D3}.Debug|Any CPU.Build.0 = Debug|Any CPU
		{5DE62280-74BB-4541-B223-EFF7B97CB7D3}.Release|Any CPU.ActiveCfg = Release|Any CPU
		{5DE62280-74BB-4541-B223-EFF7B97CB7D3}.Release|Any CPU.Build.0 = Release|Any CPU
		{040285FE-C82B-4EA6-9DA5-8D6CFE99F731}.Debug|Any CPU.ActiveCfg = Debug|Any CPU
		{040285FE-C82B-4EA6-9DA5-8D6CFE99F731}.Debug|Any CPU.Build.0 = Debug|Any CPU
		{040285FE-C82B-4EA6-9DA5-8D6CFE99F731}.Release|Any CPU.ActiveCfg = Release|Any CPU
		{040285FE-C82B-4EA6-9DA5-8D6CFE99F731}.Release|Any CPU.Build.0 = Release|Any CPU
		{ABDD1E70-BE48-47FD-B88B-9DD05CB11907}.Debug|Any CPU.ActiveCfg = Debug|Any CPU
		{ABDD1E70-BE48-47FD-B88B-9DD05CB11907}.Debug|Any CPU.Build.0 = Debug|Any CPU
		{ABDD1E70-BE48-47FD-B88B-9DD05CB11907}.Release|Any CPU.ActiveCfg = Release|Any CPU
		{ABDD1E70-BE48-47FD-B88B-9DD05CB11907}.Release|Any CPU.Build.0 = Release|Any CPU
	EndGlobalSection
	GlobalSection(SolutionProperties) = preSolution
		HideSolutionNode = FALSE
	EndGlobalSection
	GlobalSection(ExtensibilityGlobals) = postSolution
		SolutionGuid = {69462777-8E7A-4D6C-87DD-34A582B3A5B5}
	EndGlobalSection
EndGlobal
